PODS:
  - boost (1.76.0)
  - DoubleConversion (1.1.6)
  - FBLazyVector (1000.0.0)
  - FBReactNativeSpec (1000.0.0):
    - RCT-Folly (= 2021.07.22.00)
    - RCTRequired (= 1000.0.0)
    - RCTTypeSafety (= 1000.0.0)
    - React-Core (= 1000.0.0)
    - React-jsi (= 1000.0.0)
    - ReactCommon/turbomodule/core (= 1000.0.0)
  - fmt (6.2.1)
  - glog (0.3.5)
  - hermes-engine (1000.0.0):
    - hermes-engine/Hermes (= 1000.0.0)
    - hermes-engine/JSI (= 1000.0.0)
    - hermes-engine/Public (= 1000.0.0)
  - hermes-engine/Hermes (1000.0.0)
  - hermes-engine/JSI (1000.0.0)
  - hermes-engine/Public (1000.0.0)
  - libevent (2.1.12)
  - OCMock (3.9.1)
  - RCT-Folly (2021.07.22.00):
    - boost
    - DoubleConversion
    - fmt (~> 6.2.1)
    - glog
    - RCT-Folly/Default (= 2021.07.22.00)
  - RCT-Folly/Default (2021.07.22.00):
    - boost
    - DoubleConversion
    - fmt (~> 6.2.1)
    - glog
  - RCT-Folly/Fabric (2021.07.22.00):
    - boost
    - DoubleConversion
    - fmt (~> 6.2.1)
    - glog
  - RCT-Folly/Futures (2021.07.22.00):
    - boost
    - DoubleConversion
    - fmt (~> 6.2.1)
    - glog
    - libevent
  - RCTRequired (1000.0.0)
  - RCTTypeSafety (1000.0.0):
    - FBLazyVector (= 1000.0.0)
    - RCTRequired (= 1000.0.0)
    - React-Core (= 1000.0.0)
  - React (1000.0.0):
    - React-Core (= 1000.0.0)
    - React-Core/DevSupport (= 1000.0.0)
    - React-Core/RCTWebSocket (= 1000.0.0)
    - React-RCTActionSheet (= 1000.0.0)
    - React-RCTAnimation (= 1000.0.0)
    - React-RCTBlob (= 1000.0.0)
    - React-RCTImage (= 1000.0.0)
    - React-RCTLinking (= 1000.0.0)
    - React-RCTNetwork (= 1000.0.0)
    - React-RCTSettings (= 1000.0.0)
    - React-RCTText (= 1000.0.0)
    - React-RCTVibration (= 1000.0.0)
  - React-callinvoker (1000.0.0)
  - React-Codegen (1000.0.0):
    - DoubleConversion
    - FBReactNativeSpec
    - glog
    - hermes-engine
    - RCT-Folly
    - RCTRequired
    - RCTTypeSafety
    - React-Core
    - React-debug
    - React-Fabric
    - React-graphics
    - React-jsi
    - React-jsiexecutor
    - React-NativeModulesApple
    - React-rncore
    - ReactCommon/turbomodule/bridging
    - ReactCommon/turbomodule/core
  - React-Core (1000.0.0):
    - glog
    - hermes-engine
    - RCT-Folly (= 2021.07.22.00)
    - React-Core/Default (= 1000.0.0)
    - React-cxxreact (= 1000.0.0)
    - React-hermes
    - React-jsi (= 1000.0.0)
    - React-jsiexecutor (= 1000.0.0)
    - React-perflogger (= 1000.0.0)
    - SocketRocket (= 0.6.0)
    - Yoga
  - React-Core/CoreModulesHeaders (1000.0.0):
    - glog
    - hermes-engine
    - RCT-Folly (= 2021.07.22.00)
    - React-Core/Default
    - React-cxxreact (= 1000.0.0)
    - React-hermes
    - React-jsi (= 1000.0.0)
    - React-jsiexecutor (= 1000.0.0)
    - React-perflogger (= 1000.0.0)
    - SocketRocket (= 0.6.0)
    - Yoga
  - React-Core/Default (1000.0.0):
    - glog
    - hermes-engine
    - RCT-Folly (= 2021.07.22.00)
    - React-cxxreact (= 1000.0.0)
    - React-hermes
    - React-jsi (= 1000.0.0)
    - React-jsiexecutor (= 1000.0.0)
    - React-perflogger (= 1000.0.0)
    - SocketRocket (= 0.6.0)
    - Yoga
  - React-Core/DevSupport (1000.0.0):
    - glog
    - hermes-engine
    - RCT-Folly (= 2021.07.22.00)
    - React-Core/Default (= 1000.0.0)
    - React-Core/RCTWebSocket (= 1000.0.0)
    - React-cxxreact (= 1000.0.0)
    - React-hermes
    - React-jsi (= 1000.0.0)
    - React-jsiexecutor (= 1000.0.0)
    - React-jsinspector (= 1000.0.0)
    - React-perflogger (= 1000.0.0)
    - SocketRocket (= 0.6.0)
    - Yoga
  - React-Core/RCTActionSheetHeaders (1000.0.0):
    - glog
    - hermes-engine
    - RCT-Folly (= 2021.07.22.00)
    - React-Core/Default
    - React-cxxreact (= 1000.0.0)
    - React-hermes
    - React-jsi (= 1000.0.0)
    - React-jsiexecutor (= 1000.0.0)
    - React-perflogger (= 1000.0.0)
    - SocketRocket (= 0.6.0)
    - Yoga
  - React-Core/RCTAnimationHeaders (1000.0.0):
    - glog
    - hermes-engine
    - RCT-Folly (= 2021.07.22.00)
    - React-Core/Default
    - React-cxxreact (= 1000.0.0)
    - React-hermes
    - React-jsi (= 1000.0.0)
    - React-jsiexecutor (= 1000.0.0)
    - React-perflogger (= 1000.0.0)
    - SocketRocket (= 0.6.0)
    - Yoga
  - React-Core/RCTBlobHeaders (1000.0.0):
    - glog
    - hermes-engine
    - RCT-Folly (= 2021.07.22.00)
    - React-Core/Default
    - React-cxxreact (= 1000.0.0)
    - React-hermes
    - React-jsi (= 1000.0.0)
    - React-jsiexecutor (= 1000.0.0)
    - React-perflogger (= 1000.0.0)
    - SocketRocket (= 0.6.0)
    - Yoga
  - React-Core/RCTImageHeaders (1000.0.0):
    - glog
    - hermes-engine
    - RCT-Folly (= 2021.07.22.00)
    - React-Core/Default
    - React-cxxreact (= 1000.0.0)
    - React-hermes
    - React-jsi (= 1000.0.0)
    - React-jsiexecutor (= 1000.0.0)
    - React-perflogger (= 1000.0.0)
    - SocketRocket (= 0.6.0)
    - Yoga
  - React-Core/RCTLinkingHeaders (1000.0.0):
    - glog
    - hermes-engine
    - RCT-Folly (= 2021.07.22.00)
    - React-Core/Default
    - React-cxxreact (= 1000.0.0)
    - React-hermes
    - React-jsi (= 1000.0.0)
    - React-jsiexecutor (= 1000.0.0)
    - React-perflogger (= 1000.0.0)
    - SocketRocket (= 0.6.0)
    - Yoga
  - React-Core/RCTNetworkHeaders (1000.0.0):
    - glog
    - hermes-engine
    - RCT-Folly (= 2021.07.22.00)
    - React-Core/Default
    - React-cxxreact (= 1000.0.0)
    - React-hermes
    - React-jsi (= 1000.0.0)
    - React-jsiexecutor (= 1000.0.0)
    - React-perflogger (= 1000.0.0)
    - SocketRocket (= 0.6.0)
    - Yoga
  - React-Core/RCTPushNotificationHeaders (1000.0.0):
    - glog
    - hermes-engine
    - RCT-Folly (= 2021.07.22.00)
    - React-Core/Default
    - React-cxxreact (= 1000.0.0)
    - React-hermes
    - React-jsi (= 1000.0.0)
    - React-jsiexecutor (= 1000.0.0)
    - React-perflogger (= 1000.0.0)
    - SocketRocket (= 0.6.0)
    - Yoga
  - React-Core/RCTSettingsHeaders (1000.0.0):
    - glog
    - hermes-engine
    - RCT-Folly (= 2021.07.22.00)
    - React-Core/Default
    - React-cxxreact (= 1000.0.0)
    - React-hermes
    - React-jsi (= 1000.0.0)
    - React-jsiexecutor (= 1000.0.0)
    - React-perflogger (= 1000.0.0)
    - SocketRocket (= 0.6.0)
    - Yoga
  - React-Core/RCTTextHeaders (1000.0.0):
    - glog
    - hermes-engine
    - RCT-Folly (= 2021.07.22.00)
    - React-Core/Default
    - React-cxxreact (= 1000.0.0)
    - React-hermes
    - React-jsi (= 1000.0.0)
    - React-jsiexecutor (= 1000.0.0)
    - React-perflogger (= 1000.0.0)
    - SocketRocket (= 0.6.0)
    - Yoga
  - React-Core/RCTVibrationHeaders (1000.0.0):
    - glog
    - hermes-engine
    - RCT-Folly (= 2021.07.22.00)
    - React-Core/Default
    - React-cxxreact (= 1000.0.0)
    - React-hermes
    - React-jsi (= 1000.0.0)
    - React-jsiexecutor (= 1000.0.0)
    - React-perflogger (= 1000.0.0)
    - SocketRocket (= 0.6.0)
    - Yoga
  - React-Core/RCTWebSocket (1000.0.0):
    - glog
    - hermes-engine
    - RCT-Folly (= 2021.07.22.00)
    - React-Core/Default (= 1000.0.0)
    - React-cxxreact (= 1000.0.0)
    - React-hermes
    - React-jsi (= 1000.0.0)
    - React-jsiexecutor (= 1000.0.0)
    - React-perflogger (= 1000.0.0)
    - SocketRocket (= 0.6.0)
    - Yoga
  - React-CoreModules (1000.0.0):
    - RCT-Folly (= 2021.07.22.00)
    - RCTTypeSafety (= 1000.0.0)
    - React-Codegen (= 1000.0.0)
    - React-Core/CoreModulesHeaders (= 1000.0.0)
    - React-jsi (= 1000.0.0)
    - React-RCTBlob
    - React-RCTImage (= 1000.0.0)
    - ReactCommon/turbomodule/core (= 1000.0.0)
    - SocketRocket (= 0.6.0)
  - React-cxxreact (1000.0.0):
    - boost (= 1.76.0)
    - DoubleConversion
    - glog
    - hermes-engine
    - RCT-Folly (= 2021.07.22.00)
    - React-callinvoker (= 1000.0.0)
    - React-jsi (= 1000.0.0)
    - React-jsinspector (= 1000.0.0)
    - React-logger (= 1000.0.0)
    - React-perflogger (= 1000.0.0)
    - React-runtimeexecutor (= 1000.0.0)
  - React-debug (1000.0.0)
  - React-Fabric (1000.0.0):
    - DoubleConversion
    - glog
    - hermes-engine
    - RCT-Folly/Fabric (= 2021.07.22.00)
    - RCTRequired (= 1000.0.0)
    - RCTTypeSafety (= 1000.0.0)
    - React-Core
    - React-cxxreact
    - React-debug
    - React-Fabric/animations (= 1000.0.0)
    - React-Fabric/attributedstring (= 1000.0.0)
    - React-Fabric/butter (= 1000.0.0)
    - React-Fabric/componentregistry (= 1000.0.0)
    - React-Fabric/componentregistrynative (= 1000.0.0)
    - React-Fabric/components (= 1000.0.0)
    - React-Fabric/config (= 1000.0.0)
    - React-Fabric/core (= 1000.0.0)
    - React-Fabric/debug_renderer (= 1000.0.0)
    - React-Fabric/imagemanager (= 1000.0.0)
    - React-Fabric/leakchecker (= 1000.0.0)
    - React-Fabric/mapbuffer (= 1000.0.0)
    - React-Fabric/mounting (= 1000.0.0)
    - React-Fabric/runtimescheduler (= 1000.0.0)
    - React-Fabric/scheduler (= 1000.0.0)
    - React-Fabric/telemetry (= 1000.0.0)
    - React-Fabric/templateprocessor (= 1000.0.0)
    - React-Fabric/textlayoutmanager (= 1000.0.0)
    - React-Fabric/uimanager (= 1000.0.0)
    - React-Fabric/utils (= 1000.0.0)
    - React-graphics (= 1000.0.0)
    - React-jsi (= 1000.0.0)
    - React-jsiexecutor (= 1000.0.0)
    - React-logger
    - ReactCommon/turbomodule/core (= 1000.0.0)
  - React-Fabric/animations (1000.0.0):
    - DoubleConversion
    - glog
    - hermes-engine
    - RCT-Folly/Fabric (= 2021.07.22.00)
    - RCTRequired (= 1000.0.0)
    - RCTTypeSafety (= 1000.0.0)
    - React-Core
    - React-cxxreact
    - React-debug
    - React-graphics (= 1000.0.0)
    - React-jsi (= 1000.0.0)
    - React-jsiexecutor (= 1000.0.0)
    - React-logger
    - ReactCommon/turbomodule/core (= 1000.0.0)
  - React-Fabric/attributedstring (1000.0.0):
    - DoubleConversion
    - glog
    - hermes-engine
    - RCT-Folly/Fabric (= 2021.07.22.00)
    - RCTRequired (= 1000.0.0)
    - RCTTypeSafety (= 1000.0.0)
    - React-Core
    - React-cxxreact
    - React-debug
    - React-graphics (= 1000.0.0)
    - React-jsi (= 1000.0.0)
    - React-jsiexecutor (= 1000.0.0)
    - React-logger
    - ReactCommon/turbomodule/core (= 1000.0.0)
  - React-Fabric/butter (1000.0.0):
    - DoubleConversion
    - glog
    - hermes-engine
    - RCT-Folly/Fabric (= 2021.07.22.00)
    - RCTRequired (= 1000.0.0)
    - RCTTypeSafety (= 1000.0.0)
    - React-Core
    - React-cxxreact
    - React-debug
    - React-graphics (= 1000.0.0)
    - React-jsi (= 1000.0.0)
    - React-jsiexecutor (= 1000.0.0)
    - React-logger
    - ReactCommon/turbomodule/core (= 1000.0.0)
  - React-Fabric/componentregistry (1000.0.0):
    - DoubleConversion
    - glog
    - hermes-engine
    - RCT-Folly/Fabric (= 2021.07.22.00)
    - RCTRequired (= 1000.0.0)
    - RCTTypeSafety (= 1000.0.0)
    - React-Core
    - React-cxxreact
    - React-debug
    - React-graphics (= 1000.0.0)
    - React-jsi (= 1000.0.0)
    - React-jsiexecutor (= 1000.0.0)
    - React-logger
    - ReactCommon/turbomodule/core (= 1000.0.0)
  - React-Fabric/componentregistrynative (1000.0.0):
    - DoubleConversion
    - glog
    - hermes-engine
    - RCT-Folly/Fabric (= 2021.07.22.00)
    - RCTRequired (= 1000.0.0)
    - RCTTypeSafety (= 1000.0.0)
    - React-Core
    - React-cxxreact
    - React-debug
    - React-graphics (= 1000.0.0)
    - React-jsi (= 1000.0.0)
    - React-jsiexecutor (= 1000.0.0)
    - React-logger
    - ReactCommon/turbomodule/core (= 1000.0.0)
  - React-Fabric/components (1000.0.0):
    - DoubleConversion
    - glog
    - hermes-engine
    - RCT-Folly/Fabric (= 2021.07.22.00)
    - RCTRequired (= 1000.0.0)
    - RCTTypeSafety (= 1000.0.0)
    - React-Core
    - React-cxxreact
    - React-debug
    - React-Fabric/components/inputaccessory (= 1000.0.0)
    - React-Fabric/components/legacyviewmanagerinterop (= 1000.0.0)
    - React-Fabric/components/modal (= 1000.0.0)
    - React-Fabric/components/rncore (= 1000.0.0)
    - React-Fabric/components/root (= 1000.0.0)
    - React-Fabric/components/safeareaview (= 1000.0.0)
    - React-Fabric/components/scrollview (= 1000.0.0)
    - React-Fabric/components/text (= 1000.0.0)
    - React-Fabric/components/textinput (= 1000.0.0)
    - React-Fabric/components/unimplementedview (= 1000.0.0)
    - React-Fabric/components/view (= 1000.0.0)
    - React-graphics (= 1000.0.0)
    - React-jsi (= 1000.0.0)
    - React-jsiexecutor (= 1000.0.0)
    - React-logger
    - ReactCommon/turbomodule/core (= 1000.0.0)
  - React-Fabric/components/inputaccessory (1000.0.0):
    - DoubleConversion
    - glog
    - hermes-engine
    - RCT-Folly/Fabric (= 2021.07.22.00)
    - RCTRequired (= 1000.0.0)
    - RCTTypeSafety (= 1000.0.0)
    - React-Core
    - React-cxxreact
    - React-debug
    - React-graphics (= 1000.0.0)
    - React-jsi (= 1000.0.0)
    - React-jsiexecutor (= 1000.0.0)
    - React-logger
    - ReactCommon/turbomodule/core (= 1000.0.0)
  - React-Fabric/components/legacyviewmanagerinterop (1000.0.0):
    - DoubleConversion
    - glog
    - hermes-engine
    - RCT-Folly/Fabric (= 2021.07.22.00)
    - RCTRequired (= 1000.0.0)
    - RCTTypeSafety (= 1000.0.0)
    - React-Core
    - React-cxxreact
    - React-debug
    - React-graphics (= 1000.0.0)
    - React-jsi (= 1000.0.0)
    - React-jsiexecutor (= 1000.0.0)
    - React-logger
    - ReactCommon/turbomodule/core (= 1000.0.0)
  - React-Fabric/components/modal (1000.0.0):
    - DoubleConversion
    - glog
    - hermes-engine
    - RCT-Folly/Fabric (= 2021.07.22.00)
    - RCTRequired (= 1000.0.0)
    - RCTTypeSafety (= 1000.0.0)
    - React-Core
    - React-cxxreact
    - React-debug
    - React-graphics (= 1000.0.0)
    - React-jsi (= 1000.0.0)
    - React-jsiexecutor (= 1000.0.0)
    - React-logger
    - ReactCommon/turbomodule/core (= 1000.0.0)
  - React-Fabric/components/rncore (1000.0.0):
    - DoubleConversion
    - glog
    - hermes-engine
    - RCT-Folly/Fabric (= 2021.07.22.00)
    - RCTRequired (= 1000.0.0)
    - RCTTypeSafety (= 1000.0.0)
    - React-Core
    - React-cxxreact
    - React-debug
    - React-graphics (= 1000.0.0)
    - React-jsi (= 1000.0.0)
    - React-jsiexecutor (= 1000.0.0)
    - React-logger
    - ReactCommon/turbomodule/core (= 1000.0.0)
  - React-Fabric/components/root (1000.0.0):
    - DoubleConversion
    - glog
    - hermes-engine
    - RCT-Folly/Fabric (= 2021.07.22.00)
    - RCTRequired (= 1000.0.0)
    - RCTTypeSafety (= 1000.0.0)
    - React-Core
    - React-cxxreact
    - React-debug
    - React-graphics (= 1000.0.0)
    - React-jsi (= 1000.0.0)
    - React-jsiexecutor (= 1000.0.0)
    - React-logger
    - ReactCommon/turbomodule/core (= 1000.0.0)
  - React-Fabric/components/safeareaview (1000.0.0):
    - DoubleConversion
    - glog
    - hermes-engine
    - RCT-Folly/Fabric (= 2021.07.22.00)
    - RCTRequired (= 1000.0.0)
    - RCTTypeSafety (= 1000.0.0)
    - React-Core
    - React-cxxreact
    - React-debug
    - React-graphics (= 1000.0.0)
    - React-jsi (= 1000.0.0)
    - React-jsiexecutor (= 1000.0.0)
    - React-logger
    - ReactCommon/turbomodule/core (= 1000.0.0)
  - React-Fabric/components/scrollview (1000.0.0):
    - DoubleConversion
    - glog
    - hermes-engine
    - RCT-Folly/Fabric (= 2021.07.22.00)
    - RCTRequired (= 1000.0.0)
    - RCTTypeSafety (= 1000.0.0)
    - React-Core
    - React-cxxreact
    - React-debug
    - React-graphics (= 1000.0.0)
    - React-jsi (= 1000.0.0)
    - React-jsiexecutor (= 1000.0.0)
    - React-logger
    - ReactCommon/turbomodule/core (= 1000.0.0)
  - React-Fabric/components/text (1000.0.0):
    - DoubleConversion
    - glog
    - hermes-engine
    - RCT-Folly/Fabric (= 2021.07.22.00)
    - RCTRequired (= 1000.0.0)
    - RCTTypeSafety (= 1000.0.0)
    - React-Core
    - React-cxxreact
    - React-debug
    - React-graphics (= 1000.0.0)
    - React-jsi (= 1000.0.0)
    - React-jsiexecutor (= 1000.0.0)
    - React-logger
    - ReactCommon/turbomodule/core (= 1000.0.0)
  - React-Fabric/components/textinput (1000.0.0):
    - DoubleConversion
    - glog
    - hermes-engine
    - RCT-Folly/Fabric (= 2021.07.22.00)
    - RCTRequired (= 1000.0.0)
    - RCTTypeSafety (= 1000.0.0)
    - React-Core
    - React-cxxreact
    - React-debug
    - React-graphics (= 1000.0.0)
    - React-jsi (= 1000.0.0)
    - React-jsiexecutor (= 1000.0.0)
    - React-logger
    - ReactCommon/turbomodule/core (= 1000.0.0)
  - React-Fabric/components/unimplementedview (1000.0.0):
    - DoubleConversion
    - glog
    - hermes-engine
    - RCT-Folly/Fabric (= 2021.07.22.00)
    - RCTRequired (= 1000.0.0)
    - RCTTypeSafety (= 1000.0.0)
    - React-Core
    - React-cxxreact
    - React-debug
    - React-graphics (= 1000.0.0)
    - React-jsi (= 1000.0.0)
    - React-jsiexecutor (= 1000.0.0)
    - React-logger
    - ReactCommon/turbomodule/core (= 1000.0.0)
  - React-Fabric/components/view (1000.0.0):
    - DoubleConversion
    - glog
    - hermes-engine
    - RCT-Folly/Fabric (= 2021.07.22.00)
    - RCTRequired (= 1000.0.0)
    - RCTTypeSafety (= 1000.0.0)
    - React-Core
    - React-cxxreact
    - React-debug
    - React-graphics (= 1000.0.0)
    - React-jsi (= 1000.0.0)
    - React-jsiexecutor (= 1000.0.0)
    - React-logger
    - ReactCommon/turbomodule/core (= 1000.0.0)
    - Yoga
  - React-Fabric/config (1000.0.0):
    - DoubleConversion
    - glog
    - hermes-engine
    - RCT-Folly/Fabric (= 2021.07.22.00)
    - RCTRequired (= 1000.0.0)
    - RCTTypeSafety (= 1000.0.0)
    - React-Core
    - React-cxxreact
    - React-debug
    - React-graphics (= 1000.0.0)
    - React-jsi (= 1000.0.0)
    - React-jsiexecutor (= 1000.0.0)
    - React-logger
    - ReactCommon/turbomodule/core (= 1000.0.0)
  - React-Fabric/core (1000.0.0):
    - DoubleConversion
    - glog
    - hermes-engine
    - RCT-Folly/Fabric (= 2021.07.22.00)
    - RCTRequired (= 1000.0.0)
    - RCTTypeSafety (= 1000.0.0)
    - React-Core
    - React-cxxreact
    - React-debug
    - React-graphics (= 1000.0.0)
    - React-jsi (= 1000.0.0)
    - React-jsiexecutor (= 1000.0.0)
    - React-logger
    - ReactCommon/turbomodule/core (= 1000.0.0)
  - React-Fabric/debug_renderer (1000.0.0):
    - DoubleConversion
    - glog
    - hermes-engine
    - RCT-Folly/Fabric (= 2021.07.22.00)
    - RCTRequired (= 1000.0.0)
    - RCTTypeSafety (= 1000.0.0)
    - React-Core
    - React-cxxreact
    - React-debug
    - React-graphics (= 1000.0.0)
    - React-jsi (= 1000.0.0)
    - React-jsiexecutor (= 1000.0.0)
    - React-logger
    - ReactCommon/turbomodule/core (= 1000.0.0)
  - React-Fabric/imagemanager (1000.0.0):
    - DoubleConversion
    - glog
    - hermes-engine
    - RCT-Folly/Fabric (= 2021.07.22.00)
    - RCTRequired (= 1000.0.0)
    - RCTTypeSafety (= 1000.0.0)
    - React-Core
    - React-cxxreact
    - React-debug
    - React-graphics (= 1000.0.0)
    - React-jsi (= 1000.0.0)
    - React-jsiexecutor (= 1000.0.0)
    - React-logger
    - ReactCommon/turbomodule/core (= 1000.0.0)
  - React-Fabric/leakchecker (1000.0.0):
    - DoubleConversion
    - glog
    - hermes-engine
    - RCT-Folly/Fabric (= 2021.07.22.00)
    - RCTRequired (= 1000.0.0)
    - RCTTypeSafety (= 1000.0.0)
    - React-Core
    - React-cxxreact
    - React-debug
    - React-graphics (= 1000.0.0)
    - React-jsi (= 1000.0.0)
    - React-jsiexecutor (= 1000.0.0)
    - React-logger
    - ReactCommon/turbomodule/core (= 1000.0.0)
  - React-Fabric/mapbuffer (1000.0.0):
    - DoubleConversion
    - glog
    - hermes-engine
    - RCT-Folly/Fabric (= 2021.07.22.00)
    - RCTRequired (= 1000.0.0)
    - RCTTypeSafety (= 1000.0.0)
    - React-Core
    - React-cxxreact
    - React-debug
    - React-graphics (= 1000.0.0)
    - React-jsi (= 1000.0.0)
    - React-jsiexecutor (= 1000.0.0)
    - React-logger
    - ReactCommon/turbomodule/core (= 1000.0.0)
  - React-Fabric/mounting (1000.0.0):
    - DoubleConversion
    - glog
    - hermes-engine
    - RCT-Folly/Fabric (= 2021.07.22.00)
    - RCTRequired (= 1000.0.0)
    - RCTTypeSafety (= 1000.0.0)
    - React-Core
    - React-cxxreact
    - React-debug
    - React-graphics (= 1000.0.0)
    - React-jsi (= 1000.0.0)
    - React-jsiexecutor (= 1000.0.0)
    - React-logger
    - ReactCommon/turbomodule/core (= 1000.0.0)
  - React-Fabric/runtimescheduler (1000.0.0):
    - DoubleConversion
    - glog
    - hermes-engine
    - RCT-Folly/Fabric (= 2021.07.22.00)
    - RCTRequired (= 1000.0.0)
    - RCTTypeSafety (= 1000.0.0)
    - React-Core
    - React-cxxreact
    - React-debug
    - React-graphics (= 1000.0.0)
    - React-jsi (= 1000.0.0)
    - React-jsiexecutor (= 1000.0.0)
    - React-logger
    - ReactCommon/turbomodule/core (= 1000.0.0)
  - React-Fabric/scheduler (1000.0.0):
    - DoubleConversion
    - glog
    - hermes-engine
    - RCT-Folly/Fabric (= 2021.07.22.00)
    - RCTRequired (= 1000.0.0)
    - RCTTypeSafety (= 1000.0.0)
    - React-Core
    - React-cxxreact
    - React-debug
    - React-graphics (= 1000.0.0)
    - React-jsi (= 1000.0.0)
    - React-jsiexecutor (= 1000.0.0)
    - React-logger
    - ReactCommon/turbomodule/core (= 1000.0.0)
  - React-Fabric/telemetry (1000.0.0):
    - DoubleConversion
    - glog
    - hermes-engine
    - RCT-Folly/Fabric (= 2021.07.22.00)
    - RCTRequired (= 1000.0.0)
    - RCTTypeSafety (= 1000.0.0)
    - React-Core
    - React-cxxreact
    - React-debug
    - React-graphics (= 1000.0.0)
    - React-jsi (= 1000.0.0)
    - React-jsiexecutor (= 1000.0.0)
    - React-logger
    - ReactCommon/turbomodule/core (= 1000.0.0)
  - React-Fabric/templateprocessor (1000.0.0):
    - DoubleConversion
    - glog
    - hermes-engine
    - RCT-Folly/Fabric (= 2021.07.22.00)
    - RCTRequired (= 1000.0.0)
    - RCTTypeSafety (= 1000.0.0)
    - React-Core
    - React-cxxreact
    - React-debug
    - React-graphics (= 1000.0.0)
    - React-jsi (= 1000.0.0)
    - React-jsiexecutor (= 1000.0.0)
    - React-logger
    - ReactCommon/turbomodule/core (= 1000.0.0)
  - React-Fabric/textlayoutmanager (1000.0.0):
    - DoubleConversion
    - glog
    - hermes-engine
    - RCT-Folly/Fabric (= 2021.07.22.00)
    - RCTRequired (= 1000.0.0)
    - RCTTypeSafety (= 1000.0.0)
    - React-Core
    - React-cxxreact
    - React-debug
    - React-Fabric/uimanager
    - React-graphics (= 1000.0.0)
    - React-jsi (= 1000.0.0)
    - React-jsiexecutor (= 1000.0.0)
    - React-logger
    - ReactCommon/turbomodule/core (= 1000.0.0)
  - React-Fabric/uimanager (1000.0.0):
    - DoubleConversion
    - glog
    - hermes-engine
    - RCT-Folly/Fabric (= 2021.07.22.00)
    - RCTRequired (= 1000.0.0)
    - RCTTypeSafety (= 1000.0.0)
    - React-Core
    - React-cxxreact
    - React-debug
    - React-graphics (= 1000.0.0)
    - React-jsi (= 1000.0.0)
    - React-jsiexecutor (= 1000.0.0)
    - React-logger
    - ReactCommon/turbomodule/core (= 1000.0.0)
  - React-Fabric/utils (1000.0.0):
    - DoubleConversion
    - glog
    - hermes-engine
    - RCT-Folly/Fabric (= 2021.07.22.00)
    - RCTRequired (= 1000.0.0)
    - RCTTypeSafety (= 1000.0.0)
    - React-Core
    - React-cxxreact
    - React-debug
    - React-graphics (= 1000.0.0)
    - React-jsi (= 1000.0.0)
    - React-jsiexecutor (= 1000.0.0)
    - React-logger
    - ReactCommon/turbomodule/core (= 1000.0.0)
  - React-FabricImage (1000.0.0):
    - DoubleConversion
    - glog
    - hermes-engine
    - RCT-Folly/Fabric (= 2021.07.22.00)
    - RCTRequired (= 1000.0.0)
    - RCTTypeSafety (= 1000.0.0)
    - React-Fabric
    - React-graphics (= 1000.0.0)
    - React-ImageManager
    - React-jsi (= 1000.0.0)
    - React-jsiexecutor (= 1000.0.0)
    - React-logger
    - ReactCommon/turbomodule/core (= 1000.0.0)
    - Yoga
  - React-graphics (1000.0.0):
    - glog
    - RCT-Folly/Fabric (= 2021.07.22.00)
    - React-Core/Default (= 1000.0.0)
  - React-hermes (1000.0.0):
    - DoubleConversion
    - glog
    - hermes-engine
    - RCT-Folly (= 2021.07.22.00)
    - RCT-Folly/Futures (= 2021.07.22.00)
    - React-cxxreact (= 1000.0.0)
    - React-jsi
    - React-jsiexecutor (= 1000.0.0)
    - React-jsinspector (= 1000.0.0)
    - React-perflogger (= 1000.0.0)
  - React-ImageManager (1000.0.0):
    - glog
    - RCT-Folly/Fabric
    - React-Core/Default
    - React-debug
    - React-Fabric
    - React-RCTImage
  - React-jsi (1000.0.0):
    - boost (= 1.76.0)
    - DoubleConversion
    - glog
    - hermes-engine
    - RCT-Folly (= 2021.07.22.00)
  - React-jsiexecutor (1000.0.0):
    - DoubleConversion
    - glog
    - hermes-engine
    - RCT-Folly (= 2021.07.22.00)
    - React-cxxreact (= 1000.0.0)
    - React-jsi (= 1000.0.0)
    - React-perflogger (= 1000.0.0)
  - React-jsinspector (1000.0.0)
  - React-logger (1000.0.0):
    - glog
  - React-NativeModulesApple (1000.0.0):
    - glog
    - hermes-engine
    - React-callinvoker
    - React-Core
    - React-cxxreact
    - React-jsi
    - React-runtimeexecutor
    - ReactCommon/turbomodule/bridging
    - ReactCommon/turbomodule/core
  - React-perflogger (1000.0.0)
  - React-RCTActionSheet (1000.0.0):
    - React-Core/RCTActionSheetHeaders (= 1000.0.0)
  - React-RCTAnimation (1000.0.0):
    - RCT-Folly (= 2021.07.22.00)
    - RCTTypeSafety (= 1000.0.0)
    - React-Codegen (= 1000.0.0)
    - React-Core/RCTAnimationHeaders (= 1000.0.0)
    - React-jsi (= 1000.0.0)
    - ReactCommon/turbomodule/core (= 1000.0.0)
  - React-RCTAppDelegate (1000.0.0):
    - RCT-Folly
    - RCTRequired
    - RCTTypeSafety
    - React-Core
    - React-CoreModules
    - React-hermes
    - React-NativeModulesApple
    - React-RCTImage
    - React-RCTNetwork
    - ReactCommon/turbomodule/core
  - React-RCTBlob (1000.0.0):
    - hermes-engine
    - RCT-Folly (= 2021.07.22.00)
    - React-Codegen (= 1000.0.0)
    - React-Core/RCTBlobHeaders (= 1000.0.0)
    - React-Core/RCTWebSocket (= 1000.0.0)
    - React-jsi (= 1000.0.0)
    - React-RCTNetwork (= 1000.0.0)
    - ReactCommon/turbomodule/core (= 1000.0.0)
  - React-RCTFabric (1000.0.0):
    - glog
    - hermes-engine
    - RCT-Folly/Fabric (= 2021.07.22.00)
    - React-Core (= 1000.0.0)
    - React-debug
    - React-Fabric (= 1000.0.0)
    - React-FabricImage
    - React-graphics
    - React-ImageManager
    - React-RCTImage (= 1000.0.0)
    - React-RCTText
    - Yoga
  - React-RCTImage (1000.0.0):
    - RCT-Folly (= 2021.07.22.00)
    - RCTTypeSafety (= 1000.0.0)
    - React-Codegen (= 1000.0.0)
    - React-Core/RCTImageHeaders (= 1000.0.0)
    - React-jsi (= 1000.0.0)
    - React-RCTNetwork (= 1000.0.0)
    - ReactCommon/turbomodule/core (= 1000.0.0)
  - React-RCTLinking (1000.0.0):
    - React-Codegen (= 1000.0.0)
    - React-Core/RCTLinkingHeaders (= 1000.0.0)
    - React-jsi (= 1000.0.0)
    - ReactCommon/turbomodule/core (= 1000.0.0)
  - React-RCTNetwork (1000.0.0):
    - RCT-Folly (= 2021.07.22.00)
    - RCTTypeSafety (= 1000.0.0)
    - React-Codegen (= 1000.0.0)
    - React-Core/RCTNetworkHeaders (= 1000.0.0)
    - React-jsi (= 1000.0.0)
    - ReactCommon/turbomodule/core (= 1000.0.0)
  - React-RCTPushNotification (1000.0.0):
    - RCTTypeSafety (= 1000.0.0)
    - React-Codegen (= 1000.0.0)
    - React-Core/RCTPushNotificationHeaders (= 1000.0.0)
    - React-jsi (= 1000.0.0)
    - ReactCommon/turbomodule/core (= 1000.0.0)
  - React-RCTSettings (1000.0.0):
    - RCT-Folly (= 2021.07.22.00)
    - RCTTypeSafety (= 1000.0.0)
    - React-Codegen (= 1000.0.0)
    - React-Core/RCTSettingsHeaders (= 1000.0.0)
    - React-jsi (= 1000.0.0)
    - ReactCommon/turbomodule/core (= 1000.0.0)
  - React-RCTTest (1000.0.0):
    - RCT-Folly (= 2021.07.22.00)
    - React-Core (= 1000.0.0)
    - React-CoreModules (= 1000.0.0)
    - React-jsi (= 1000.0.0)
    - ReactCommon/turbomodule/core (= 1000.0.0)
  - React-RCTText (1000.0.0):
    - React-Core/RCTTextHeaders (= 1000.0.0)
  - React-RCTVibration (1000.0.0):
    - RCT-Folly (= 2021.07.22.00)
    - React-Codegen (= 1000.0.0)
    - React-Core/RCTVibrationHeaders (= 1000.0.0)
    - React-jsi (= 1000.0.0)
    - ReactCommon/turbomodule/core (= 1000.0.0)
  - React-rncore (1000.0.0)
  - React-runtimeexecutor (1000.0.0):
    - React-jsi (= 1000.0.0)
  - ReactCommon-Samples (1000.0.0):
    - DoubleConversion
    - hermes-engine
    - RCT-Folly
    - React-Codegen
    - React-Core
    - React-cxxreact
    - React-NativeModulesApple
    - ReactCommon/turbomodule/core
  - ReactCommon/turbomodule/bridging (1000.0.0):
    - DoubleConversion
    - glog
    - hermes-engine
    - RCT-Folly (= 2021.07.22.00)
    - React-callinvoker (= 1000.0.0)
    - React-cxxreact (= 1000.0.0)
    - React-jsi (= 1000.0.0)
    - React-logger (= 1000.0.0)
    - React-perflogger (= 1000.0.0)
  - ReactCommon/turbomodule/core (1000.0.0):
    - DoubleConversion
    - glog
    - hermes-engine
    - RCT-Folly (= 2021.07.22.00)
    - React-callinvoker (= 1000.0.0)
    - React-cxxreact (= 1000.0.0)
    - React-jsi (= 1000.0.0)
    - React-logger (= 1000.0.0)
    - React-perflogger (= 1000.0.0)
  - ScreenshotManager (0.0.1):
    - glog
    - RCT-Folly (= 2021.07.22.00)
    - React-Core
  - SocketRocket (0.6.0)
  - Yoga (1.14.0)

DEPENDENCIES:
  - boost (from `../react-native/third-party-podspecs/boost.podspec`)
  - DoubleConversion (from `../react-native/third-party-podspecs/DoubleConversion.podspec`)
  - FBLazyVector (from `../react-native/Libraries/FBLazyVector`)
  - FBReactNativeSpec (from `../react-native/React/FBReactNativeSpec`)
  - glog (from `../react-native/third-party-podspecs/glog.podspec`)
  - hermes-engine (from `../react-native/sdks/hermes-engine/hermes-engine.podspec`)
  - libevent (~> 2.1.12)
  - OCMock (~> 3.9.1)
  - RCT-Folly (from `../react-native/third-party-podspecs/RCT-Folly.podspec`)
  - RCT-Folly/Fabric (from `../react-native/third-party-podspecs/RCT-Folly.podspec`)
  - RCTRequired (from `../react-native/Libraries/RCTRequired`)
  - RCTTypeSafety (from `../react-native/Libraries/TypeSafety`)
  - React (from `../react-native/`)
  - React-callinvoker (from `../react-native/ReactCommon/callinvoker`)
  - React-Codegen (from `build/generated/ios`)
  - React-Core (from `../react-native/`)
  - React-Core/RCTWebSocket (from `../react-native/`)
  - React-CoreModules (from `../react-native/React/CoreModules`)
  - React-cxxreact (from `../react-native/ReactCommon/cxxreact`)
  - React-debug (from `../react-native/ReactCommon/react/debug`)
  - React-Fabric (from `../react-native/ReactCommon`)
  - React-FabricImage (from `../react-native/ReactCommon`)
  - React-graphics (from `../react-native/ReactCommon/react/renderer/graphics`)
  - React-hermes (from `../react-native/ReactCommon/hermes`)
  - React-ImageManager (from `../react-native/ReactCommon/react/renderer/imagemanager/platform/ios`)
  - React-jsi (from `../react-native/ReactCommon/jsi`)
  - React-jsiexecutor (from `../react-native/ReactCommon/jsiexecutor`)
  - React-jsinspector (from `../react-native/ReactCommon/jsinspector`)
  - React-logger (from `../react-native/ReactCommon/logger`)
  - React-NativeModulesApple (from `../react-native/ReactCommon/react/nativemodule/core/platform/ios`)
  - React-perflogger (from `../react-native/ReactCommon/reactperflogger`)
  - React-RCTActionSheet (from `../react-native/Libraries/ActionSheetIOS`)
  - React-RCTAnimation (from `../react-native/Libraries/NativeAnimation`)
  - React-RCTAppDelegate (from `../react-native/Libraries/AppDelegate`)
  - React-RCTBlob (from `../react-native/Libraries/Blob`)
  - React-RCTFabric (from `../react-native/React`)
  - React-RCTImage (from `../react-native/Libraries/Image`)
  - React-RCTLinking (from `../react-native/Libraries/LinkingIOS`)
  - React-RCTNetwork (from `../react-native/Libraries/Network`)
  - React-RCTPushNotification (from `../react-native/Libraries/PushNotificationIOS`)
  - React-RCTSettings (from `../react-native/Libraries/Settings`)
  - React-RCTTest (from `./RCTTest`)
  - React-RCTText (from `../react-native/Libraries/Text`)
  - React-RCTVibration (from `../react-native/Libraries/Vibration`)
  - React-rncore (from `../react-native/ReactCommon`)
  - React-runtimeexecutor (from `../react-native/ReactCommon/runtimeexecutor`)
  - ReactCommon-Samples (from `../react-native/ReactCommon/react/nativemodule/samples`)
  - ReactCommon/turbomodule/core (from `../react-native/ReactCommon`)
  - ScreenshotManager (from `NativeModuleExample`)
  - Yoga (from `../react-native/ReactCommon/yoga`)

SPEC REPOS:
  trunk:
    - fmt
    - libevent
    - OCMock
    - SocketRocket

EXTERNAL SOURCES:
  boost:
    :podspec: "../react-native/third-party-podspecs/boost.podspec"
  DoubleConversion:
    :podspec: "../react-native/third-party-podspecs/DoubleConversion.podspec"
  FBLazyVector:
    :path: "../react-native/Libraries/FBLazyVector"
  FBReactNativeSpec:
    :path: "../react-native/React/FBReactNativeSpec"
  glog:
    :podspec: "../react-native/third-party-podspecs/glog.podspec"
  hermes-engine:
    :podspec: "../react-native/sdks/hermes-engine/hermes-engine.podspec"
    :tag: ''
  RCT-Folly:
    :podspec: "../react-native/third-party-podspecs/RCT-Folly.podspec"
  RCTRequired:
    :path: "../react-native/Libraries/RCTRequired"
  RCTTypeSafety:
    :path: "../react-native/Libraries/TypeSafety"
  React:
    :path: "../react-native/"
  React-callinvoker:
    :path: "../react-native/ReactCommon/callinvoker"
  React-Codegen:
    :path: build/generated/ios
  React-Core:
    :path: "../react-native/"
  React-CoreModules:
    :path: "../react-native/React/CoreModules"
  React-cxxreact:
    :path: "../react-native/ReactCommon/cxxreact"
  React-debug:
    :path: "../react-native/ReactCommon/react/debug"
  React-Fabric:
    :path: "../react-native/ReactCommon"
  React-FabricImage:
    :path: "../react-native/ReactCommon"
  React-graphics:
    :path: "../react-native/ReactCommon/react/renderer/graphics"
  React-hermes:
    :path: "../react-native/ReactCommon/hermes"
  React-ImageManager:
    :path: "../react-native/ReactCommon/react/renderer/imagemanager/platform/ios"
  React-jsi:
    :path: "../react-native/ReactCommon/jsi"
  React-jsiexecutor:
    :path: "../react-native/ReactCommon/jsiexecutor"
  React-jsinspector:
    :path: "../react-native/ReactCommon/jsinspector"
  React-logger:
    :path: "../react-native/ReactCommon/logger"
  React-NativeModulesApple:
    :path: "../react-native/ReactCommon/react/nativemodule/core/platform/ios"
  React-perflogger:
    :path: "../react-native/ReactCommon/reactperflogger"
  React-RCTActionSheet:
    :path: "../react-native/Libraries/ActionSheetIOS"
  React-RCTAnimation:
    :path: "../react-native/Libraries/NativeAnimation"
  React-RCTAppDelegate:
    :path: "../react-native/Libraries/AppDelegate"
  React-RCTBlob:
    :path: "../react-native/Libraries/Blob"
  React-RCTFabric:
    :path: "../react-native/React"
  React-RCTImage:
    :path: "../react-native/Libraries/Image"
  React-RCTLinking:
    :path: "../react-native/Libraries/LinkingIOS"
  React-RCTNetwork:
    :path: "../react-native/Libraries/Network"
  React-RCTPushNotification:
    :path: "../react-native/Libraries/PushNotificationIOS"
  React-RCTSettings:
    :path: "../react-native/Libraries/Settings"
  React-RCTTest:
    :path: "./RCTTest"
  React-RCTText:
    :path: "../react-native/Libraries/Text"
  React-RCTVibration:
    :path: "../react-native/Libraries/Vibration"
  React-rncore:
    :path: "../react-native/ReactCommon"
  React-runtimeexecutor:
    :path: "../react-native/ReactCommon/runtimeexecutor"
  ReactCommon:
    :path: "../react-native/ReactCommon"
  ReactCommon-Samples:
    :path: "../react-native/ReactCommon/react/nativemodule/samples"
  ScreenshotManager:
    :path: NativeModuleExample
  Yoga:
    :path: "../react-native/ReactCommon/yoga"

SPEC CHECKSUMS:
  boost: 57d2868c099736d80fcd648bf211b4431e51a558
  DoubleConversion: fea03f2699887d960129cc54bba7e52542b6f953
  FBLazyVector: 4e198a4737e3d6c7e00fcd4962226ad284c30c7d
  FBReactNativeSpec: 5bbd0158ef3d944432f3c7721c13d3d647271a2e
  fmt: ff9d55029c625d3757ed641535fd4a75fedc7ce9
  glog: 99bd064df01718db56b8f75e6b5ea3051c7dad0a
  hermes-engine: fadf5ed59fc3958f7a72cdbf1001314720812611
  libevent: 4049cae6c81cdb3654a443be001fb9bdceff7913
  OCMock: 9491e4bec59e0b267d52a9184ff5605995e74be8
  RCT-Folly: b0d1393cb3763d71efca99db314c65f0072eb0fe
  RCTRequired: 4ae8066db5bff5036cb8921b1c7343c178654d98
  RCTTypeSafety: e6d3ef2801ef2f9f687ebe7efc2e6cbf85975569
  React: df73200f41fd9c7b9a771b6f6da7782380cdb233
  React-callinvoker: a8654bd2d3f2e40b98c6e5270fb028120ca4668a
  React-Codegen: 9ecf53f804f4d1d2a5d29bb2154e22a30c381f81
  React-Core: 70f132d363668c5d6ffd99c5603b2504c09285ad
  React-CoreModules: a2dbff49e89497d44b829b3682e8636752252e74
  React-cxxreact: 808d2033b5daa6e0b78d38bc7dbe7c6472c79aeb
  React-debug: 6163cfbb184e82c81a3bf2fa94659ea241e9c98d
  React-Fabric: c2c79b8883a7d76585681c1213032277e14bbf2a
  React-FabricImage: c4e6b835d0069eb23b4737f22b92f0fb35f76745
  React-graphics: f9468d2f55eb4ba409e9c5696619aa9ef79199ab
  React-hermes: 5acd9378f51f7aa7301e2fe81da5e17b6c785825
  React-ImageManager: ebfd5412c470ea0ba0452500d8d0012396d3ee50
  React-jsi: 7dc98596e7bca9b12479b6e2d7e830e5abb7b0c0
  React-jsiexecutor: f93f5758575b4b85b5f4202f3d42dfba065e8e52
  React-jsinspector: c511624a7a6a84dba0d05aa7199c8ffaef20fff1
  React-logger: e331fdda0cc632e059a3468b8600695034f1ff3c
  React-NativeModulesApple: 466dfd2784ad8ea669747c3bf5ab414004446c76
  React-perflogger: bf0861ba2e5945a6453d12ef760253452c50d933
  React-RCTActionSheet: 8c75703cdc326708206cfa62e8b123481c9ae3fa
  React-RCTAnimation: dd3b7213b2c1327f53302b506b482f4d79f2c5a9
  React-RCTAppDelegate: 30f37dce7a80c464247ce560b0adc786336bd45d
  React-RCTBlob: c4d2d903735f83771eadc25f09c730169c06acdd
  React-RCTFabric: 51ce130fb9e4c35f7b01a7171ea18d3d29e3d191
  React-RCTImage: 6499f0ddbcc77cbf826c28595c3e17bb81d31f13
  React-RCTLinking: 802d57cf710ebc035977c0594e98e4a3a1fcf5fb
  React-RCTNetwork: ae3a765ee5b2bcc373d6c25188d17e3d01c29c13
  React-RCTPushNotification: 85e256fd1a3f9f941866fd9c0b93cd7360565827
  React-RCTSettings: e77942ad996934045d6702057d74c9d387171739
  React-RCTTest: b0040dceaba833619e8c6556347392eb53cc0a2c
  React-RCTText: 88d835f63b6215d5b92777c8cbf7090c5032b8c0
  React-RCTVibration: 1f306697926f362ab7571c2fa3cf68f697ac9ec1
  React-rncore: 0b28a74ccc5bf95e9018d511439c227b1f80b360
  React-runtimeexecutor: 20a77e98c9baf6dd28faf97509c0cef2027ab995
  ReactCommon: 56c5b5bb551ed168c85a5951f08690cef964e352
  ReactCommon-Samples: 1ea905c135bd31279e88eab2400f8226995d72de
  ScreenshotManager: d39b964a374e5012e2b8c143e29ead86b1da6a3c
  SocketRocket: fccef3f9c5cedea1353a9ef6ada904fde10d6608
  Yoga: 7e9135aad421706856f4dc9d7968dee3406291c0

PODFILE CHECKSUM: 4ab5978e47b85c5f2fede02406d3599efd8e4447

COCOAPODS: 1.12.0
